
Microsoft Visual Studio Solution File, Format Version 12.00
# Visual Studio Version 16
VisualStudioVersion = 16.0.33214.272
MinimumVisualStudioVersion = 10.0.40219.1
Project("{9A19103F-16F7-4668-BE54-9A1E7A4F7556}") = "BookStore", "BookStore.csproj", "{FC6D9973-9331-47C4-BE1D-38545D455C77}"
EndProject
Global
	GlobalSection(SolutionConfigurationPlatforms) = preSolution
		Debug|Any CPU = Debug|Any CPU
		Release|Any CPU = Release|Any CPU
	EndGlobalSection
	GlobalSection(ProjectConfigurationPlatforms) = postSolution
		{FC6D9973-9331-47C4-BE1D-38545D455C77}.Debug|Any CPU.ActiveCfg = Debug|Any CPU
		{FC6D9973-9331-47C4-BE1D-38545D455C77}.Debug|Any CPU.Build.0 = Debug|Any CPU
		{FC6D9973-9331-47C4-BE1D-38545D455C77}.Release|Any CPU.ActiveCfg = Release|Any CPU
		{FC6D9973-9331-47C4-BE1D-38545D455C77}.Release|Any CPU.Build.0 = Release|Any CPU
	EndGlobalSection
	GlobalSection(SolutionProperties) = preSolution
		HideSolutionNode = FALSE
	EndGlobalSection
	GlobalSection(ExtensibilityGlobals) = postSolution
		SolutionGuid = {5781FDA0-5114-4056-875A-553DD865A62A}
	EndGlobalSection
EndGlobal
